
Microsoft Visual Studio Solution File, Format Version 11.00
# Visual C# Express 2010
Project("{FAE04EC0-301F-11D3-BF4B-00C04F79EFBC}") = "Cap08_Ex07", "Cap08_Ex07\Cap08_Ex07.csproj", "{ECBB1755-FD19-447D-BDE1-2EF56A35F0D8}"
EndProject
Global
	GlobalSection(SolutionConfigurationPlatforms) = preSolution
		Debug|x86 = Debug|x86
		Release|x86 = Release|x86
	EndGlobalSection
	GlobalSection(ProjectConfigurationPlatforms) = postSolution
		{ECBB1755-FD19-447D-BDE1-2EF56A35F0D8}.Debug|x86.ActiveCfg = Debug|x86
		{ECBB1755-FD19-447D-BDE1-2EF56A35F0D8}.Debug|x86.Build.0 = Debug|x86
		{ECBB1755-FD19-447D-BDE1-2EF56A35F0D8}.Release|x86.ActiveCfg = Release|x86
		{ECBB1755-FD19-447D-BDE1-2EF56A35F0D8}.Release|x86.Build.0 = Release|x86
	EndGlobalSection
	GlobalSection(SolutionProperties) = preSolution
		HideSolutionNode = FALSE
	EndGlobalSection
EndGlobal
