
Microsoft Visual Studio Solution File, Format Version 11.00
# Visual C# Express 2010
Project("{FAE04EC0-301F-11D3-BF4B-00C04F79EFBC}") = "Cap05_Ex05", "Cap05_Ex05\Cap05_Ex05.csproj", "{9D6C46D7-5306-4DD9-AD2F-670969A1C86E}"
EndProject
Global
	GlobalSection(SolutionConfigurationPlatforms) = preSolution
		Debug|x86 = Debug|x86
		Release|x86 = Release|x86
	EndGlobalSection
	GlobalSection(ProjectConfigurationPlatforms) = postSolution
		{9D6C46D7-5306-4DD9-AD2F-670969A1C86E}.Debug|x86.ActiveCfg = Debug|x86
		{9D6C46D7-5306-4DD9-AD2F-670969A1C86E}.Debug|x86.Build.0 = Debug|x86
		{9D6C46D7-5306-4DD9-AD2F-670969A1C86E}.Release|x86.ActiveCfg = Release|x86
		{9D6C46D7-5306-4DD9-AD2F-670969A1C86E}.Release|x86.Build.0 = Release|x86
	EndGlobalSection
	GlobalSection(SolutionProperties) = preSolution
		HideSolutionNode = FALSE
	EndGlobalSection
EndGlobal
