
Microsoft Visual Studio Solution File, Format Version 11.00
# Visual C# Express 2010
Project("{FAE04EC0-301F-11D3-BF4B-00C04F79EFBC}") = "Cap03_Ex13", "Cap03_Ex13\Cap03_Ex13.csproj", "{4510E0C2-B446-4BB5-A8A1-E9B21E91DA0E}"
EndProject
Global
	GlobalSection(SolutionConfigurationPlatforms) = preSolution
		Debug|x86 = Debug|x86
		Release|x86 = Release|x86
	EndGlobalSection
	GlobalSection(ProjectConfigurationPlatforms) = postSolution
		{4510E0C2-B446-4BB5-A8A1-E9B21E91DA0E}.Debug|x86.ActiveCfg = Debug|x86
		{4510E0C2-B446-4BB5-A8A1-E9B21E91DA0E}.Debug|x86.Build.0 = Debug|x86
		{4510E0C2-B446-4BB5-A8A1-E9B21E91DA0E}.Release|x86.ActiveCfg = Release|x86
		{4510E0C2-B446-4BB5-A8A1-E9B21E91DA0E}.Release|x86.Build.0 = Release|x86
	EndGlobalSection
	GlobalSection(SolutionProperties) = preSolution
		HideSolutionNode = FALSE
	EndGlobalSection
EndGlobal
